
Microsoft Visual Studio Solution File, Format Version 12.00
# Visual Studio Version 16
VisualStudioVersion = 16.0.31019.35
MinimumVisualStudioVersion = 10.0.40219.1
Project("{FAE04EC0-301F-11D3-BF4B-00C04F79EFBC}") = "Game()", "Game().csproj", "{E60B59C2-034C-43B7-8CA3-9D96814787D7}"
EndProject
Global
	GlobalSection(SolutionConfigurationPlatforms) = preSolution
		Debug|Any CPU = Debug|Any CPU
		Release|Any CPU = Release|Any CPU
	EndGlobalSection
	GlobalSection(ProjectConfigurationPlatforms) = postSolution
		{E60B59C2-034C-43B7-8CA3-9D96814787D7}.Debug|Any CPU.ActiveCfg = Debug|Any CPU
		{E60B59C2-034C-43B7-8CA3-9D96814787D7}.Debug|Any CPU.Build.0 = Debug|Any CPU
		{E60B59C2-034C-43B7-8CA3-9D96814787D7}.Release|Any CPU.ActiveCfg = Release|Any CPU
		{E60B59C2-034C-43B7-8CA3-9D96814787D7}.Release|Any CPU.Build.0 = Release|Any CPU
	EndGlobalSection
	GlobalSection(SolutionProperties) = preSolution
		HideSolutionNode = FALSE
	EndGlobalSection
	GlobalSection(ExtensibilityGlobals) = postSolution
		SolutionGuid = {629459F0-0333-4791-916C-FC952E3B8B48}
	EndGlobalSection
EndGlobal
